// !$*UTF8*$!
{
	archiveVersion = 1;
	classes = {
	};
	objectVersion = 46;
	objects = {

/* Begin PBXBuildFile section */
		777B4ADC19ED473000251247 /* back1.png in Resources */ = {isa = PBXBuildFile; fileRef = 777B4ACE19ED473000251247 /* back1.png */; };
		777B4ADD19ED473000251247 /* back2.png in Resources */ = {isa = PBXBuildFile; fileRef = 777B4ACF19ED473000251247 /* back2.png */; };
		777B4ADE19ED473000251247 /* back3.png in Resources */ = {isa = PBXBuildFile; fileRef = 777B4AD019ED473000251247 /* back3.png */; };
		777B4ADF19ED473000251247 /* back4.png in Resources */ = {isa = PBXBuildFile; fileRef = 777B4AD119ED473000251247 /* back4.png */; };
		777B4AE019ED473000251247 /* back5.png in Resources */ = {isa = PBXBuildFile; fileRef = 777B4AD219ED473000251247 /* back5.png */; };
		777B4AE119ED473000251247 /* hoshi01.png in Resources */ = {isa = PBXBuildFile; fileRef = 777B4AD419ED473000251247 /* hoshi01.png */; };
		777B4AE219ED473000251247 /* hoshi11.png in Resources */ = {isa = PBXBuildFile; fileRef = 777B4AD519ED473000251247 /* hoshi11.png */; };
		777B4AE319ED473000251247 /* hoshi12.png in Resources */ = {isa = PBXBuildFile; fileRef = 777B4AD619ED473000251247 /* hoshi12.png */; };
		777B4AE419ED473000251247 /* hoshi13.png in Resources */ = {isa = PBXBuildFile; fileRef = 777B4AD719ED473000251247 /* hoshi13.png */; };
		777B4AE519ED473000251247 /* hoshi21.png in Resources */ = {isa = PBXBuildFile; fileRef = 777B4AD819ED473000251247 /* hoshi21.png */; };
		777B4AE619ED473000251247 /* hoshi22.png in Resources */ = {isa = PBXBuildFile; fileRef = 777B4AD919ED473000251247 /* hoshi22.png */; };
		777B4AE719ED473000251247 /* hoshi23.png in Resources */ = {isa = PBXBuildFile; fileRef = 777B4ADA19ED473000251247 /* hoshi23.png */; };
		777B4AE819ED473000251247 /* hoshi99.png in Resources */ = {isa = PBXBuildFile; fileRef = 777B4ADB19ED473000251247 /* hoshi99.png */; };
		77D1973C19EBE4160034024A /* Foundation.framework in Frameworks */ = {isa = PBXBuildFile; fileRef = 77D1973B19EBE4160034024A /* Foundation.framework */; };
		77D1973E19EBE4160034024A /* CoreGraphics.framework in Frameworks */ = {isa = PBXBuildFile; fileRef = 77D1973D19EBE4160034024A /* CoreGraphics.framework */; };
		77D1974019EBE4160034024A /* UIKit.framework in Frameworks */ = {isa = PBXBuildFile; fileRef = 77D1973F19EBE4160034024A /* UIKit.framework */; };
		77D1974619EBE4160034024A /* InfoPlist.strings in Resources */ = {isa = PBXBuildFile; fileRef = 77D1974419EBE4160034024A /* InfoPlist.strings */; };
		77D1974819EBE4160034024A /* main.m in Sources */ = {isa = PBXBuildFile; fileRef = 77D1974719EBE4160034024A /* main.m */; };
		77D1974C19EBE4160034024A /* AppDelegate.m in Sources */ = {isa = PBXBuildFile; fileRef = 77D1974B19EBE4160034024A /* AppDelegate.m */; };
		77D1974F19EBE4160034024A /* Main.storyboard in Resources */ = {isa = PBXBuildFile; fileRef = 77D1974D19EBE4160034024A /* Main.storyboard */; };
		77D1975219EBE4160034024A /* ViewController.m in Sources */ = {isa = PBXBuildFile; fileRef = 77D1975119EBE4160034024A /* ViewController.m */; };
		77D1975419EBE4160034024A /* Images.xcassets in Resources */ = {isa = PBXBuildFile; fileRef = 77D1975319EBE4160034024A /* Images.xcassets */; };
		77D1975B19EBE4160034024A /* XCTest.framework in Frameworks */ = {isa = PBXBuildFile; fileRef = 77D1975A19EBE4160034024A /* XCTest.framework */; };
		77D1975C19EBE4160034024A /* Foundation.framework in Frameworks */ = {isa = PBXBuildFile; fileRef = 77D1973B19EBE4160034024A /* Foundation.framework */; };
		77D1975D19EBE4160034024A /* UIKit.framework in Frameworks */ = {isa = PBXBuildFile; fileRef = 77D1973F19EBE4160034024A /* UIKit.framework */; };
		77D1976519EBE4160034024A /* InfoPlist.strings in Resources */ = {isa = PBXBuildFile; fileRef = 77D1976319EBE4160034024A /* InfoPlist.strings */; };
		77D1976719EBE4160034024A /* parettoTests.m in Sources */ = {isa = PBXBuildFile; fileRef = 77D1976619EBE4160034024A /* parettoTests.m */; };
		77D1977319EBEEBC0034024A /* ColorViewController.m in Sources */ = {isa = PBXBuildFile; fileRef = 77D1977219EBEEBC0034024A /* ColorViewController.m */; };
/* End PBXBuildFile section */

/* Begin PBXContainerItemProxy section */
		77D1975E19EBE4160034024A /* PBXContainerItemProxy */ = {
			isa = PBXContainerItemProxy;
			containerPortal = 77D1973019EBE4160034024A /* Project object */;
			proxyType = 1;
			remoteGlobalIDString = 77D1973719EBE4160034024A;
			remoteInfo = paretto;
		};
/* End PBXContainerItemProxy section */

/* Begin PBXFileReference section */
		777B4ACE19ED473000251247 /* back1.png */ = {isa = PBXFileReference; lastKnownFileType = image.png; path = back1.png; sourceTree = "<group>"; };
		777B4ACF19ED473000251247 /* back2.png */ = {isa = PBXFileReference; lastKnownFileType = image.png; path = back2.png; sourceTree = "<group>"; };
		777B4AD019ED473000251247 /* back3.png */ = {isa = PBXFileReference; lastKnownFileType = image.png; path = back3.png; sourceTree = "<group>"; };
		777B4AD119ED473000251247 /* back4.png */ = {isa = PBXFileReference; lastKnownFileType = image.png; path = back4.png; sourceTree = "<group>"; };
		777B4AD219ED473000251247 /* back5.png */ = {isa = PBXFileReference; lastKnownFileType = image.png; path = back5.png; sourceTree = "<group>"; };
		777B4AD419ED473000251247 /* hoshi01.png */ = {isa = PBXFileReference; lastKnownFileType = image.png; path = hoshi01.png; sourceTree = "<group>"; };
		777B4AD519ED473000251247 /* hoshi11.png */ = {isa = PBXFileReference; lastKnownFileType = image.png; path = hoshi11.png; sourceTree = "<group>"; };
		777B4AD619ED473000251247 /* hoshi12.png */ = {isa = PBXFileReference; lastKnownFileType = image.png; path = hoshi12.png; sourceTree = "<group>"; };
		777B4AD719ED473000251247 /* hoshi13.png */ = {isa = PBXFileReference; lastKnownFileType = image.png; path = hoshi13.png; sourceTree = "<group>"; };
		777B4AD819ED473000251247 /* hoshi21.png */ = {isa = PBXFileReference; lastKnownFileType = image.png; path = hoshi21.png; sourceTree = "<group>"; };
		777B4AD919ED473000251247 /* hoshi22.png */ = {isa = PBXFileReference; lastKnownFileType = image.png; path = hoshi22.png; sourceTree = "<group>"; };
		777B4ADA19ED473000251247 /* hoshi23.png */ = {isa = PBXFileReference; lastKnownFileType = image.png; path = hoshi23.png; sourceTree = "<group>"; };
		777B4ADB19ED473000251247 /* hoshi99.png */ = {isa = PBXFileReference; lastKnownFileType = image.png; path = hoshi99.png; sourceTree = "<group>"; };
		77D1973819EBE4160034024A /* paretto.app */ = {isa = PBXFileReference; explicitFileType = wrapper.application; includeInIndex = 0; path = paretto.app; sourceTree = BUILT_PRODUCTS_DIR; };
		77D1973B19EBE4160034024A /* Foundation.framework */ = {isa = PBXFileReference; lastKnownFileType = wrapper.framework; name = Foundation.framework; path = System/Library/Frameworks/Foundation.framework; sourceTree = SDKROOT; };
		77D1973D19EBE4160034024A /* CoreGraphics.framework */ = {isa = PBXFileReference; lastKnownFileType = wrapper.framework; name = CoreGraphics.framework; path = System/Library/Frameworks/CoreGraphics.framework; sourceTree = SDKROOT; };
		77D1973F19EBE4160034024A /* UIKit.framework */ = {isa = PBXFileReference; lastKnownFileType = wrapper.framework; name = UIKit.framework; path = System/Library/Frameworks/UIKit.framework; sourceTree = SDKROOT; };
		77D1974319EBE4160034024A /* paretto-Info.plist */ = {isa = PBXFileReference; lastKnownFileType = text.plist.xml; path = "paretto-Info.plist"; sourceTree = "<group>"; };
		77D1974519EBE4160034024A /* en */ = {isa = PBXFileReference; lastKnownFileType = text.plist.strings; name = en; path = en.lproj/InfoPlist.strings; sourceTree = "<group>"; };
		77D1974719EBE4160034024A /* main.m */ = {isa = PBXFileReference; lastKnownFileType = sourcecode.c.objc; path = main.m; sourceTree = "<group>"; };
		77D1974919EBE4160034024A /* paretto-Prefix.pch */ = {isa = PBXFileReference; lastKnownFileType = sourcecode.c.h; path = "paretto-Prefix.pch"; sourceTree = "<group>"; };
		77D1974A19EBE4160034024A /* AppDelegate.h */ = {isa = PBXFileReference; lastKnownFileType = sourcecode.c.h; path = AppDelegate.h; sourceTree = "<group>"; };
		77D1974B19EBE4160034024A /* AppDelegate.m */ = {isa = PBXFileReference; lastKnownFileType = sourcecode.c.objc; path = AppDelegate.m; sourceTree = "<group>"; };
		77D1974E19EBE4160034024A /* Base */ = {isa = PBXFileReference; lastKnownFileType = file.storyboard; name = Base; path = Base.lproj/Main.storyboard; sourceTree = "<group>"; };
		77D1975019EBE4160034024A /* ViewController.h */ = {isa = PBXFileReference; lastKnownFileType = sourcecode.c.h; path = ViewController.h; sourceTree = "<group>"; };
		77D1975119EBE4160034024A /* ViewController.m */ = {isa = PBXFileReference; lastKnownFileType = sourcecode.c.objc; path = ViewController.m; sourceTree = "<group>"; };
		77D1975319EBE4160034024A /* Images.xcassets */ = {isa = PBXFileReference; lastKnownFileType = folder.assetcatalog; path = Images.xcassets; sourceTree = "<group>"; };
		77D1975919EBE4160034024A /* parettoTests.xctest */ = {isa = PBXFileReference; explicitFileType = wrapper.cfbundle; includeInIndex = 0; path = parettoTests.xctest; sourceTree = BUILT_PRODUCTS_DIR; };
		77D1975A19EBE4160034024A /* XCTest.framework */ = {isa = PBXFileReference; lastKnownFileType = wrapper.framework; name = XCTest.framework; path = Library/Frameworks/XCTest.framework; sourceTree = DEVELOPER_DIR; };
		77D1976219EBE4160034024A /* parettoTests-Info.plist */ = {isa = PBXFileReference; lastKnownFileType = text.plist.xml; path = "parettoTests-Info.plist"; sourceTree = "<group>"; };
		77D1976419EBE4160034024A /* en */ = {isa = PBXFileReference; lastKnownFileType = text.plist.strings; name = en; path = en.lproj/InfoPlist.strings; sourceTree = "<group>"; };
		77D1976619EBE4160034024A /* parettoTests.m */ = {isa = PBXFileReference; lastKnownFileType = sourcecode.c.objc; path = parettoTests.m; sourceTree = "<group>"; };
		77D1977119EBEEBC0034024A /* ColorViewController.h */ = {isa = PBXFileReference; fileEncoding = 4; lastKnownFileType = sourcecode.c.h; path = ColorViewController.h; sourceTree = "<group>"; };
		77D1977219EBEEBC0034024A /* ColorViewController.m */ = {isa = PBXFileReference; fileEncoding = 4; lastKnownFileType = sourcecode.c.objc; path = ColorViewController.m; sourceTree = "<group>"; };
/* End PBXFileReference section */

/* Begin PBXFrameworksBuildPhase section */
		77D1973519EBE4160034024A /* Frameworks */ = {
			isa = PBXFrameworksBuildPhase;
			buildActionMask = 2147483647;
			files = (
				77D1973E19EBE4160034024A /* CoreGraphics.framework in Frameworks */,
				77D1974019EBE4160034024A /* UIKit.framework in Frameworks */,
				77D1973C19EBE4160034024A /* Foundation.framework in Frameworks */,
			);
			runOnlyForDeploymentPostprocessing = 0;
		};
		77D1975619EBE4160034024A /* Frameworks */ = {
			isa = PBXFrameworksBuildPhase;
			buildActionMask = 2147483647;
			files = (
				77D1975B19EBE4160034024A /* XCTest.framework in Frameworks */,
				77D1975D19EBE4160034024A /* UIKit.framework in Frameworks */,
				77D1975C19EBE4160034024A /* Foundation.framework in Frameworks */,
			);
			runOnlyForDeploymentPostprocessing = 0;
		};
/* End PBXFrameworksBuildPhase section */

/* Begin PBXGroup section */
		777B4ACD19ED473000251247 /* background */ = {
			isa = PBXGroup;
			children = (
				777B4ACE19ED473000251247 /* back1.png */,
				777B4ACF19ED473000251247 /* back2.png */,
				777B4AD019ED473000251247 /* back3.png */,
				777B4AD119ED473000251247 /* back4.png */,
				777B4AD219ED473000251247 /* back5.png */,
				777B4AD319ED473000251247 /* stamps */,
			);
			path = background;
			sourceTree = "<group>";
		};
		777B4AD319ED473000251247 /* stamps */ = {
			isa = PBXGroup;
			children = (
				777B4AD419ED473000251247 /* hoshi01.png */,
				777B4AD519ED473000251247 /* hoshi11.png */,
				777B4AD619ED473000251247 /* hoshi12.png */,
				777B4AD719ED473000251247 /* hoshi13.png */,
				777B4AD819ED473000251247 /* hoshi21.png */,
				777B4AD919ED473000251247 /* hoshi22.png */,
				777B4ADA19ED473000251247 /* hoshi23.png */,
				777B4ADB19ED473000251247 /* hoshi99.png */,
			);
			path = stamps;
			sourceTree = "<group>";
		};
		77D1972F19EBE4160034024A = {
			isa = PBXGroup;
			children = (
				77D1974119EBE4160034024A /* paretto */,
				77D1976019EBE4160034024A /* parettoTests */,
				77D1973A19EBE4160034024A /* Frameworks */,
				77D1973919EBE4160034024A /* Products */,
			);
			sourceTree = "<group>";
		};
		77D1973919EBE4160034024A /* Products */ = {
			isa = PBXGroup;
			children = (
				77D1973819EBE4160034024A /* paretto.app */,
				77D1975919EBE4160034024A /* parettoTests.xctest */,
			);
			name = Products;
			sourceTree = "<group>";
		};
		77D1973A19EBE4160034024A /* Frameworks */ = {
			isa = PBXGroup;
			children = (
				77D1973B19EBE4160034024A /* Foundation.framework */,
				77D1973D19EBE4160034024A /* CoreGraphics.framework */,
				77D1973F19EBE4160034024A /* UIKit.framework */,
				77D1975A19EBE4160034024A /* XCTest.framework */,
			);
			name = Frameworks;
			sourceTree = "<group>";
		};
		77D1974119EBE4160034024A /* paretto */ = {
			isa = PBXGroup;
			children = (
				777B4ACD19ED473000251247 /* background */,
				77D1974A19EBE4160034024A /* AppDelegate.h */,
				77D1974B19EBE4160034024A /* AppDelegate.m */,
				77D1974D19EBE4160034024A /* Main.storyboard */,
				77D1975019EBE4160034024A /* ViewController.h */,
				77D1975119EBE4160034024A /* ViewController.m */,
				77D1977119EBEEBC0034024A /* ColorViewController.h */,
				77D1977219EBEEBC0034024A /* ColorViewController.m */,
				77D1975319EBE4160034024A /* Images.xcassets */,
				77D1974219EBE4160034024A /* Supporting Files */,
			);
			path = paretto;
			sourceTree = "<group>";
		};
		77D1974219EBE4160034024A /* Supporting Files */ = {
			isa = PBXGroup;
			children = (
				77D1974319EBE4160034024A /* paretto-Info.plist */,
				77D1974419EBE4160034024A /* InfoPlist.strings */,
				77D1974719EBE4160034024A /* main.m */,
				77D1974919EBE4160034024A /* paretto-Prefix.pch */,
			);
			name = "Supporting Files";
			sourceTree = "<group>";
		};
		77D1976019EBE4160034024A /* parettoTests */ = {
			isa = PBXGroup;
			children = (
				77D1976619EBE4160034024A /* parettoTests.m */,
				77D1976119EBE4160034024A /* Supporting Files */,
			);
			path = parettoTests;
			sourceTree = "<group>";
		};
		77D1976119EBE4160034024A /* Supporting Files */ = {
			isa = PBXGroup;
			children = (
				77D1976219EBE4160034024A /* parettoTests-Info.plist */,
				77D1976319EBE4160034024A /* InfoPlist.strings */,
			);
			name = "Supporting Files";
			sourceTree = "<group>";
		};
/* End PBXGroup section */

/* Begin PBXNativeTarget section */
		77D1973719EBE4160034024A /* paretto */ = {
			isa = PBXNativeTarget;
			buildConfigurationList = 77D1976A19EBE4160034024A /* Build configuration list for PBXNativeTarget "paretto" */;
			buildPhases = (
				77D1973419EBE4160034024A /* Sources */,
				77D1973519EBE4160034024A /* Frameworks */,
				77D1973619EBE4160034024A /* Resources */,
			);
			buildRules = (
			);
			dependencies = (
			);
			name = paretto;
			productName = paretto;
			productReference = 77D1973819EBE4160034024A /* paretto.app */;
			productType = "com.apple.product-type.application";
		};
		77D1975819EBE4160034024A /* parettoTests */ = {
			isa = PBXNativeTarget;
			buildConfigurationList = 77D1976D19EBE4160034024A /* Build configuration list for PBXNativeTarget "parettoTests" */;
			buildPhases = (
				77D1975519EBE4160034024A /* Sources */,
				77D1975619EBE4160034024A /* Frameworks */,
				77D1975719EBE4160034024A /* Resources */,
			);
			buildRules = (
			);
			dependencies = (
				77D1975F19EBE4160034024A /* PBXTargetDependency */,
			);
			name = parettoTests;
			productName = parettoTests;
			productReference = 77D1975919EBE4160034024A /* parettoTests.xctest */;
			productType = "com.apple.product-type.bundle.unit-test";
		};
/* End PBXNativeTarget section */

/* Begin PBXProject section */
		77D1973019EBE4160034024A /* Project object */ = {
			isa = PBXProject;
			attributes = {
				LastUpgradeCheck = 0510;
				ORGANIZATIONNAME = "___FULLUSERNAME___";
				TargetAttributes = {
					77D1975819EBE4160034024A = {
						TestTargetID = 77D1973719EBE4160034024A;
					};
				};
			};
			buildConfigurationList = 77D1973319EBE4160034024A /* Build configuration list for PBXProject "paretto" */;
			compatibilityVersion = "Xcode 3.2";
			developmentRegion = English;
			hasScannedForEncodings = 0;
			knownRegions = (
				en,
				Base,
			);
			mainGroup = 77D1972F19EBE4160034024A;
			productRefGroup = 77D1973919EBE4160034024A /* Products */;
			projectDirPath = "";
			projectRoot = "";
			targets = (
				77D1973719EBE4160034024A /* paretto */,
				77D1975819EBE4160034024A /* parettoTests */,
			);
		};
/* End PBXProject section */

/* Begin PBXResourcesBuildPhase section */
		77D1973619EBE4160034024A /* Resources */ = {
			isa = PBXResourcesBuildPhase;
			buildActionMask = 2147483647;
			files = (
				777B4ADE19ED473000251247 /* back3.png in Resources */,
				777B4AE219ED473000251247 /* hoshi11.png in Resources */,
				777B4AE719ED473000251247 /* hoshi23.png in Resources */,
				77D1975419EBE4160034024A /* Images.xcassets in Resources */,
				777B4AE119ED473000251247 /* hoshi01.png in Resources */,
				777B4AE019ED473000251247 /* back5.png in Resources */,
				777B4AE519ED473000251247 /* hoshi21.png in Resources */,
				777B4AE419ED473000251247 /* hoshi13.png in Resources */,
				777B4ADF19ED473000251247 /* back4.png in Resources */,
				77D1974619EBE4160034024A /* InfoPlist.strings in Resources */,
				777B4ADC19ED473000251247 /* back1.png in Resources */,
				777B4AE819ED473000251247 /* hoshi99.png in Resources */,
				77D1974F19EBE4160034024A /* Main.storyboard in Resources */,
				777B4AE619ED473000251247 /* hoshi22.png in Resources */,
				777B4AE319ED473000251247 /* hoshi12.png in Resources */,
				777B4ADD19ED473000251247 /* back2.png in Resources */,
			);
			runOnlyForDeploymentPostprocessing = 0;
		};
		77D1975719EBE4160034024A /* Resources */ = {
			isa = PBXResourcesBuildPhase;
			buildActionMask = 2147483647;
			files = (
				77D1976519EBE4160034024A /* InfoPlist.strings in Resources */,
			);
			runOnlyForDeploymentPostprocessing = 0;
		};
/* End PBXResourcesBuildPhase section */

/* Begin PBXSourcesBuildPhase section */
		77D1973419EBE4160034024A /* Sources */ = {
			isa = PBXSourcesBuildPhase;
			buildActionMask = 2147483647;
			files = (
				77D1975219EBE4160034024A /* ViewController.m in Sources */,
				77D1974C19EBE4160034024A /* AppDelegate.m in Sources */,
				77D1977319EBEEBC0034024A /* ColorViewController.m in Sources */,
				77D1974819EBE4160034024A /* main.m in Sources */,
			);
			runOnlyForDeploymentPostprocessing = 0;
		};
		77D1975519EBE4160034024A /* Sources */ = {
			isa = PBXSourcesBuildPhase;
			buildActionMask = 2147483647;
			files = (
				77D1976719EBE4160034024A /* parettoTests.m in Sources */,
			);
			runOnlyForDeploymentPostprocessing = 0;
		};
/* End PBXSourcesBuildPhase section */

/* Begin PBXTargetDependency section */
		77D1975F19EBE4160034024A /* PBXTargetDependency */ = {
			isa = PBXTargetDependency;
			target = 77D1973719EBE4160034024A /* paretto */;
			targetProxy = 77D1975E19EBE4160034024A /* PBXContainerItemProxy */;
		};
/* End PBXTargetDependency section */

/* Begin PBXVariantGroup section */
		77D1974419EBE4160034024A /* InfoPlist.strings */ = {
			isa = PBXVariantGroup;
			children = (
				77D1974519EBE4160034024A /* en */,
			);
			name = InfoPlist.strings;
			sourceTree = "<group>";
		};
		77D1974D19EBE4160034024A /* Main.storyboard */ = {
			isa = PBXVariantGroup;
			children = (
				77D1974E19EBE4160034024A /* Base */,
			);
			name = Main.storyboard;
			sourceTree = "<group>";
		};
		77D1976319EBE4160034024A /* InfoPlist.strings */ = {
			isa = PBXVariantGroup;
			children = (
				77D1976419EBE4160034024A /* en */,
			);
			name = InfoPlist.strings;
			sourceTree = "<group>";
		};
/* End PBXVariantGroup section */

/* Begin XCBuildConfiguration section */
		77D1976819EBE4160034024A /* Debug */ = {
			isa = XCBuildConfiguration;
			buildSettings = {
				ALWAYS_SEARCH_USER_PATHS = NO;
				CLANG_CXX_LANGUAGE_STANDARD = "gnu++0x";
				CLANG_CXX_LIBRARY = "libc++";
				CLANG_ENABLE_MODULES = YES;
				CLANG_ENABLE_OBJC_ARC = YES;
				CLANG_WARN_BOOL_CONVERSION = YES;
				CLANG_WARN_CONSTANT_CONVERSION = YES;
				CLANG_WARN_DIRECT_OBJC_ISA_USAGE = YES_ERROR;
				CLANG_WARN_EMPTY_BODY = YES;
				CLANG_WARN_ENUM_CONVERSION = YES;
				CLANG_WARN_INT_CONVERSION = YES;
				CLANG_WARN_OBJC_ROOT_CLASS = YES_ERROR;
				CLANG_WARN__DUPLICATE_METHOD_MATCH = YES;
				"CODE_SIGN_IDENTITY[sdk=iphoneos*]" = "iPhone Developer";
				COPY_PHASE_STRIP = NO;
				GCC_C_LANGUAGE_STANDARD = gnu99;
				GCC_DYNAMIC_NO_PIC = NO;
				GCC_OPTIMIZATION_LEVEL = 0;
				GCC_PREPROCESSOR_DEFINITIONS = (
					"DEBUG=1",
					"$(inherited)",
				);
				GCC_SYMBOLS_PRIVATE_EXTERN = NO;
				GCC_WARN_64_TO_32_BIT_CONVERSION = YES;
				GCC_WARN_ABOUT_RETURN_TYPE = YES_ERROR;
				GCC_WARN_UNDECLARED_SELECTOR = YES;
				GCC_WARN_UNINITIALIZED_AUTOS = YES_AGGRESSIVE;
				GCC_WARN_UNUSED_FUNCTION = YES;
				GCC_WARN_UNUSED_VARIABLE = YES;
				IPHONEOS_DEPLOYMENT_TARGET = 7.1;
				ONLY_ACTIVE_ARCH = YES;
				SDKROOT = iphoneos;
			};
			name = Debug;
		};
		77D1976919EBE4160034024A /* Release */ = {
			isa = XCBuildConfiguration;
			buildSettings = {
				ALWAYS_SEARCH_USER_PATHS = NO;
				CLANG_CXX_LANGUAGE_STANDARD = "gnu++0x";
				CLANG_CXX_LIBRARY = "libc++";
				CLANG_ENABLE_MODULES = YES;
				CLANG_ENABLE_OBJC_ARC = YES;
				CLANG_WARN_BOOL_CONVERSION = YES;
				CLANG_WARN_CONSTANT_CONVERSION = YES;
				CLANG_WARN_DIRECT_OBJC_ISA_USAGE = YES_ERROR;
				CLANG_WARN_EMPTY_BODY = YES;
				CLANG_WARN_ENUM_CONVERSION = YES;
				CLANG_WARN_INT_CONVERSION = YES;
				CLANG_WARN_OBJC_ROOT_CLASS = YES_ERROR;
				CLANG_WARN__DUPLICATE_METHOD_MATCH = YES;
				"CODE_SIGN_IDENTITY[sdk=iphoneos*]" = "iPhone Developer";
				COPY_PHASE_STRIP = YES;
				ENABLE_NS_ASSERTIONS = NO;
				GCC_C_LANGUAGE_STANDARD = gnu99;
				GCC_WARN_64_TO_32_BIT_CONVERSION = YES;
				GCC_WARN_ABOUT_RETURN_TYPE = YES_ERROR;
				GCC_WARN_UNDECLARED_SELECTOR = YES;
				GCC_WARN_UNINITIALIZED_AUTOS = YES_AGGRESSIVE;
				GCC_WARN_UNUSED_FUNCTION = YES;
				GCC_WARN_UNUSED_VARIABLE = YES;
				IPHONEOS_DEPLOYMENT_TARGET = 7.1;
				SDKROOT = iphoneos;
				VALIDATE_PRODUCT = YES;
			};
			name = Release;
		};
		77D1976B19EBE4160034024A /* Debug */ = {
			isa = XCBuildConfiguration;
			buildSettings = {
				ASSETCATALOG_COMPILER_APPICON_NAME = AppIcon;
				ASSETCATALOG_COMPILER_LAUNCHIMAGE_NAME = LaunchImage;
				GCC_PRECOMPILE_PREFIX_HEADER = YES;
				GCC_PREFIX_HEADER = "paretto/paretto-Prefix.pch";
				INFOPLIST_FILE = "paretto/paretto-Info.plist";
				PRODUCT_NAME = "$(TARGET_NAME)";
				WRAPPER_EXTENSION = app;
			};
			name = Debug;
		};
		77D1976C19EBE4160034024A /* Release */ = {
			isa = XCBuildConfiguration;
			buildSettings = {
				ASSETCATALOG_COMPILER_APPICON_NAME = AppIcon;
				ASSETCATALOG_COMPILER_LAUNCHIMAGE_NAME = LaunchImage;
				GCC_PRECOMPILE_PREFIX_HEADER = YES;
				GCC_PREFIX_HEADER = "paretto/paretto-Prefix.pch";
				INFOPLIST_FILE = "paretto/paretto-Info.plist";
				PRODUCT_NAME = "$(TARGET_NAME)";
				WRAPPER_EXTENSION = app;
			};
			name = Release;
		};
		77D1976E19EBE4160034024A /* Debug */ = {
			isa = XCBuildConfiguration;
			buildSettings = {
				BUNDLE_LOADER = "$(BUILT_PRODUCTS_DIR)/paretto.app/paretto";
				FRAMEWORK_SEARCH_PATHS = (
					"$(SDKROOT)/Developer/Library/Frameworks",
					"$(inherited)",
					"$(DEVELOPER_FRAMEWORKS_DIR)",
				);
				GCC_PRECOMPILE_PREFIX_HEADER = YES;
				GCC_PREFIX_HEADER = "paretto/paretto-Prefix.pch";
				GCC_PREPROCESSOR_DEFINITIONS = (
					"DEBUG=1",
					"$(inherited)",
				);
				INFOPLIST_FILE = "parettoTests/parettoTests-Info.plist";
				PRODUCT_NAME = "$(TARGET_NAME)";
				TEST_HOST = "$(BUNDLE_LOADER)";
				WRAPPER_EXTENSION = xctest;
			};
			name = Debug;
		};
		77D1976F19EBE4160034024A /* Release */ = {
			isa = XCBuildConfiguration;
			buildSettings = {
				BUNDLE_LOADER = "$(BUILT_PRODUCTS_DIR)/paretto.app/paretto";
				FRAMEWORK_SEARCH_PATHS = (
					"$(SDKROOT)/Developer/Library/Frameworks",
					"$(inherited)",
					"$(DEVELOPER_FRAMEWORKS_DIR)",
				);
				GCC_PRECOMPILE_PREFIX_HEADER = YES;
				GCC_PREFIX_HEADER = "paretto/paretto-Prefix.pch";
				INFOPLIST_FILE = "parettoTests/parettoTests-Info.plist";
				PRODUCT_NAME = "$(TARGET_NAME)";
				TEST_HOST = "$(BUNDLE_LOADER)";
				WRAPPER_EXTENSION = xctest;
			};
			name = Release;
		};
/* End XCBuildConfiguration section */

/* Begin XCConfigurationList section */
		77D1973319EBE4160034024A /* Build configuration list for PBXProject "paretto" */ = {
			isa = XCConfigurationList;
			buildConfigurations = (
				77D1976819EBE4160034024A /* Debug */,
				77D1976919EBE4160034024A /* Release */,
			);
			defaultConfigurationIsVisible = 0;
			defaultConfigurationName = Release;
		};
		77D1976A19EBE4160034024A /* Build configuration list for PBXNativeTarget "paretto" */ = {
			isa = XCConfigurationList;
			buildConfigurations = (
				77D1976B19EBE4160034024A /* Debug */,
				77D1976C19EBE4160034024A /* Release */,
			);
			defaultConfigurationIsVisible = 0;
			defaultConfigurationName = Release;
		};
		77D1976D19EBE4160034024A /* Build configuration list for PBXNativeTarget "parettoTests" */ = {
			isa = XCConfigurationList;
			buildConfigurations = (
				77D1976E19EBE4160034024A /* Debug */,
				77D1976F19EBE4160034024A /* Release */,
			);
			defaultConfigurationIsVisible = 0;
			defaultConfigurationName = Release;
		};
/* End XCConfigurationList section */
	};
	rootObject = 77D1973019EBE4160034024A /* Project object */;
}
